
Microsoft Visual Studio Solution File, Format Version 12.00
# Visual Studio 14
VisualStudioVersion = 14.0.25420.1
MinimumVisualStudioVersion = 10.0.40219.1
Project("{FAE04EC0-301F-11D3-BF4B-00C04F79EFBC}") = "XamarinCrearTablaAzure", "XamarinCrearTablaAzure\XamarinCrearTablaAzure\XamarinCrearTablaAzure.csproj", "{6963F657-0524-4A0A-8029-60A3B920FCB2}"
EndProject
Project("{FAE04EC0-301F-11D3-BF4B-00C04F79EFBC}") = "XamarinCrearTablaAzure.Droid", "XamarinCrearTablaAzure\XamarinCrearTablaAzure.Droid\XamarinCrearTablaAzure.Droid.csproj", "{52AE749B-777A-4D5D-878D-4DD8C427D567}"
EndProject
Project("{FAE04EC0-301F-11D3-BF4B-00C04F79EFBC}") = "XamarinCrearTablaAzure.iOS", "XamarinCrearTablaAzure\XamarinCrearTablaAzure.iOS\XamarinCrearTablaAzure.iOS.csproj", "{2E157B55-AF94-4CB8-A9C5-534360C9D0DB}"
EndProject
Project("{FAE04EC0-301F-11D3-BF4B-00C04F79EFBC}") = "XamarinCrearTablaAzure.WinPhone", "XamarinCrearTablaAzure\XamarinCrearTablaAzure.WinPhone\XamarinCrearTablaAzure.WinPhone.csproj", "{9F9FEA34-FBBD-43BC-9122-3A9420446E70}"
EndProject
Project("{FAE04EC0-301F-11D3-BF4B-00C04F79EFBC}") = "XamarinCrearTablaAzure.UWP", "XamarinCrearTablaAzure\XamarinCrearTablaAzure.UWP\XamarinCrearTablaAzure.UWP.csproj", "{345FBF04-361D-4B29-94E5-11791DB729FC}"
EndProject
Project("{FAE04EC0-301F-11D3-BF4B-00C04F79EFBC}") = "XamarinCrearTablaAzure.Windows", "XamarinCrearTablaAzure\XamarinCrearTablaAzure.Windows\XamarinCrearTablaAzure.Windows.csproj", "{45F7C27C-A601-455B-ACCD-6B6CE85B762F}"
EndProject
Global
	GlobalSection(SolutionConfigurationPlatforms) = preSolution
		Ad-Hoc|Any CPU = Ad-Hoc|Any CPU
		Ad-Hoc|ARM = Ad-Hoc|ARM
		Ad-Hoc|iPhone = Ad-Hoc|iPhone
		Ad-Hoc|iPhoneSimulator = Ad-Hoc|iPhoneSimulator
		Ad-Hoc|x64 = Ad-Hoc|x64
		Ad-Hoc|x86 = Ad-Hoc|x86
		AppStore|Any CPU = AppStore|Any CPU
		AppStore|ARM = AppStore|ARM
		AppStore|iPhone = AppStore|iPhone
		AppStore|iPhoneSimulator = AppStore|iPhoneSimulator
		AppStore|x64 = AppStore|x64
		AppStore|x86 = AppStore|x86
		Debug|Any CPU = Debug|Any CPU
		Debug|ARM = Debug|ARM
		Debug|iPhone = Debug|iPhone
		Debug|iPhoneSimulator = Debug|iPhoneSimulator
		Debug|x64 = Debug|x64
		Debug|x86 = Debug|x86
		Release|Any CPU = Release|Any CPU
		Release|ARM = Release|ARM
		Release|iPhone = Release|iPhone
		Release|iPhoneSimulator = Release|iPhoneSimulator
		Release|x64 = Release|x64
		Release|x86 = Release|x86
	EndGlobalSection
	GlobalSection(ProjectConfigurationPlatforms) = postSolution
		{6963F657-0524-4A0A-8029-60A3B920FCB2}.Ad-Hoc|Any CPU.ActiveCfg = Release|Any CPU
		{6963F657-0524-4A0A-8029-60A3B920FCB2}.Ad-Hoc|Any CPU.Build.0 = Release|Any CPU
		{6963F657-0524-4A0A-8029-60A3B920FCB2}.Ad-Hoc|ARM.ActiveCfg = Release|Any CPU
		{6963F657-0524-4A0A-8029-60A3B920FCB2}.Ad-Hoc|ARM.Build.0 = Release|Any CPU
		{6963F657-0524-4A0A-8029-60A3B920FCB2}.Ad-Hoc|iPhone.ActiveCfg = Release|Any CPU
		{6963F657-0524-4A0A-8029-60A3B920FCB2}.Ad-Hoc|iPhone.Build.0 = Release|Any CPU
		{6963F657-0524-4A0A-8029-60A3B920FCB2}.Ad-Hoc|iPhoneSimulator.ActiveCfg = Release|Any CPU
		{6963F657-0524-4A0A-8029-60A3B920FCB2}.Ad-Hoc|iPhoneSimulator.Build.0 = Release|Any CPU
		{6963F657-0524-4A0A-8029-60A3B920FCB2}.Ad-Hoc|x64.ActiveCfg = Release|Any CPU
		{6963F657-0524-4A0A-8029-60A3B920FCB2}.Ad-Hoc|x64.Build.0 = Release|Any CPU
		{6963F657-0524-4A0A-8029-60A3B920FCB2}.Ad-Hoc|x86.ActiveCfg = Release|Any CPU
		{6963F657-0524-4A0A-8029-60A3B920FCB2}.Ad-Hoc|x86.Build.0 = Release|Any CPU
		{6963F657-0524-4A0A-8029-60A3B920FCB2}.AppStore|Any CPU.ActiveCfg = Release|Any CPU
		{6963F657-0524-4A0A-8029-60A3B920FCB2}.AppStore|Any CPU.Build.0 = Release|Any CPU
		{6963F657-0524-4A0A-8029-60A3B920FCB2}.AppStore|ARM.ActiveCfg = Release|Any CPU
		{6963F657-0524-4A0A-8029-60A3B920FCB2}.AppStore|ARM.Build.0 = Release|Any CPU
		{6963F657-0524-4A0A-8029-60A3B920FCB2}.AppStore|iPhone.ActiveCfg = Release|Any CPU
		{6963F657-0524-4A0A-8029-60A3B920FCB2}.AppStore|iPhone.Build.0 = Release|Any CPU
		{6963F657-0524-4A0A-8029-60A3B920FCB2}.AppStore|iPhoneSimulator.ActiveCfg = Release|Any CPU
		{6963F657-0524-4A0A-8029-60A3B920FCB2}.AppStore|iPhoneSimulator.Build.0 = Release|Any CPU
		{6963F657-0524-4A0A-8029-60A3B920FCB2}.AppStore|x64.ActiveCfg = Release|Any CPU
		{6963F657-0524-4A0A-8029-60A3B920FCB2}.AppStore|x64.Build.0 = Release|Any CPU
		{6963F657-0524-4A0A-8029-60A3B920FCB2}.AppStore|x86.ActiveCfg = Release|Any CPU
		{6963F657-0524-4A0A-8029-60A3B920FCB2}.AppStore|x86.Build.0 = Release|Any CPU
		{6963F657-0524-4A0A-8029-60A3B920FCB2}.Debug|Any CPU.ActiveCfg = Debug|Any CPU
		{6963F657-0524-4A0A-8029-60A3B920FCB2}.Debug|Any CPU.Build.0 = Debug|Any CPU
		{6963F657-0524-4A0A-8029-60A3B920FCB2}.Debug|ARM.ActiveCfg = Debug|Any CPU
		{6963F657-0524-4A0A-8029-60A3B920FCB2}.Debug|ARM.Build.0 = Debug|Any CPU
		{6963F657-0524-4A0A-8029-60A3B920FCB2}.Debug|iPhone.ActiveCfg = Debug|Any CPU
		{6963F657-0524-4A0A-8029-60A3B920FCB2}.Debug|iPhone.Build.0 = Debug|Any CPU
		{6963F657-0524-4A0A-8029-60A3B920FCB2}.Debug|iPhoneSimulator.ActiveCfg = Debug|Any CPU
		{6963F657-0524-4A0A-8029-60A3B920FCB2}.Debug|iPhoneSimulator.Build.0 = Debug|Any CPU
		{6963F657-0524-4A0A-8029-60A3B920FCB2}.Debug|x64.ActiveCfg = Debug|Any CPU
		{6963F657-0524-4A0A-8029-60A3B920FCB2}.Debug|x64.Build.0 = Debug|Any CPU
		{6963F657-0524-4A0A-8029-60A3B920FCB2}.Debug|x86.ActiveCfg = Debug|Any CPU
		{6963F657-0524-4A0A-8029-60A3B920FCB2}.Debug|x86.Build.0 = Debug|Any CPU
		{6963F657-0524-4A0A-8029-60A3B920FCB2}.Release|Any CPU.ActiveCfg = Release|Any CPU
		{6963F657-0524-4A0A-8029-60A3B920FCB2}.Release|Any CPU.Build.0 = Release|Any CPU
		{6963F657-0524-4A0A-8029-60A3B920FCB2}.Release|ARM.ActiveCfg = Release|Any CPU
		{6963F657-0524-4A0A-8029-60A3B920FCB2}.Release|ARM.Build.0 = Release|Any CPU
		{6963F657-0524-4A0A-8029-60A3B920FCB2}.Release|iPhone.ActiveCfg = Release|Any CPU
		{6963F657-0524-4A0A-8029-60A3B920FCB2}.Release|iPhone.Build.0 = Release|Any CPU
		{6963F657-0524-4A0A-8029-60A3B920FCB2}.Release|iPhoneSimulator.ActiveCfg = Release|Any CPU
		{6963F657-0524-4A0A-8029-60A3B920FCB2}.Release|iPhoneSimulator.Build.0 = Release|Any CPU
		{6963F657-0524-4A0A-8029-60A3B920FCB2}.Release|x64.ActiveCfg = Release|Any CPU
		{6963F657-0524-4A0A-8029-60A3B920FCB2}.Release|x64.Build.0 = Release|Any CPU
		{6963F657-0524-4A0A-8029-60A3B920FCB2}.Release|x86.ActiveCfg = Release|Any CPU
		{6963F657-0524-4A0A-8029-60A3B920FCB2}.Release|x86.Build.0 = Release|Any CPU
		{52AE749B-777A-4D5D-878D-4DD8C427D567}.Ad-Hoc|Any CPU.ActiveCfg = Release|Any CPU
		{52AE749B-777A-4D5D-878D-4DD8C427D567}.Ad-Hoc|Any CPU.Build.0 = Release|Any CPU
		{52AE749B-777A-4D5D-878D-4DD8C427D567}.Ad-Hoc|Any CPU.Deploy.0 = Release|Any CPU
		{52AE749B-777A-4D5D-878D-4DD8C427D567}.Ad-Hoc|ARM.ActiveCfg = Release|Any CPU
		{52AE749B-777A-4D5D-878D-4DD8C427D567}.Ad-Hoc|ARM.Build.0 = Release|Any CPU
		{52AE749B-777A-4D5D-878D-4DD8C427D567}.Ad-Hoc|ARM.Deploy.0 = Release|Any CPU
		{52AE749B-777A-4D5D-878D-4DD8C427D567}.Ad-Hoc|iPhone.ActiveCfg = Release|Any CPU
		{52AE749B-777A-4D5D-878D-4DD8C427D567}.Ad-Hoc|iPhone.Build.0 = Release|Any CPU
		{52AE749B-777A-4D5D-878D-4DD8C427D567}.Ad-Hoc|iPhone.Deploy.0 = Release|Any CPU
		{52AE749B-777A-4D5D-878D-4DD8C427D567}.Ad-Hoc|iPhoneSimulator.ActiveCfg = Release|Any CPU
		{52AE749B-777A-4D5D-878D-4DD8C427D567}.Ad-Hoc|iPhoneSimulator.Build.0 = Release|Any CPU
		{52AE749B-777A-4D5D-878D-4DD8C427D567}.Ad-Hoc|iPhoneSimulator.Deploy.0 = Release|Any CPU
		{52AE749B-777A-4D5D-878D-4DD8C427D567}.Ad-Hoc|x64.ActiveCfg = Release|Any CPU
		{52AE749B-777A-4D5D-878D-4DD8C427D567}.Ad-Hoc|x64.Build.0 = Release|Any CPU
		{52AE749B-777A-4D5D-878D-4DD8C427D567}.Ad-Hoc|x64.Deploy.0 = Release|Any CPU
		{52AE749B-777A-4D5D-878D-4DD8C427D567}.Ad-Hoc|x86.ActiveCfg = Release|Any CPU
		{52AE749B-777A-4D5D-878D-4DD8C427D567}.Ad-Hoc|x86.Build.0 = Release|Any CPU
		{52AE749B-777A-4D5D-878D-4DD8C427D567}.Ad-Hoc|x86.Deploy.0 = Release|Any CPU
		{52AE749B-777A-4D5D-878D-4DD8C427D567}.AppStore|Any CPU.ActiveCfg = Release|Any CPU
		{52AE749B-777A-4D5D-878D-4DD8C427D567}.AppStore|Any CPU.Build.0 = Release|Any CPU
		{52AE749B-777A-4D5D-878D-4DD8C427D567}.AppStore|Any CPU.Deploy.0 = Release|Any CPU
		{52AE749B-777A-4D5D-878D-4DD8C427D567}.AppStore|ARM.ActiveCfg = Release|Any CPU
		{52AE749B-777A-4D5D-878D-4DD8C427D567}.AppStore|ARM.Build.0 = Release|Any CPU
		{52AE749B-777A-4D5D-878D-4DD8C427D567}.AppStore|ARM.Deploy.0 = Release|Any CPU
		{52AE749B-777A-4D5D-878D-4DD8C427D567}.AppStore|iPhone.ActiveCfg = Release|Any CPU
		{52AE749B-777A-4D5D-878D-4DD8C427D567}.AppStore|iPhone.Build.0 = Release|Any CPU
		{52AE749B-777A-4D5D-878D-4DD8C427D567}.AppStore|iPhone.Deploy.0 = Release|Any CPU
		{52AE749B-777A-4D5D-878D-4DD8C427D567}.AppStore|iPhoneSimulator.ActiveCfg = Release|Any CPU
		{52AE749B-777A-4D5D-878D-4DD8C427D567}.AppStore|iPhoneSimulator.Build.0 = Release|Any CPU
		{52AE749B-777A-4D5D-878D-4DD8C427D567}.AppStore|iPhoneSimulator.Deploy.0 = Release|Any CPU
		{52AE749B-777A-4D5D-878D-4DD8C427D567}.AppStore|x64.ActiveCfg = Release|Any CPU
		{52AE749B-777A-4D5D-878D-4DD8C427D567}.AppStore|x64.Build.0 = Release|Any CPU
		{52AE749B-777A-4D5D-878D-4DD8C427D567}.AppStore|x64.Deploy.0 = Release|Any CPU
		{52AE749B-777A-4D5D-878D-4DD8C427D567}.AppStore|x86.ActiveCfg = Release|Any CPU
		{52AE749B-777A-4D5D-878D-4DD8C427D567}.AppStore|x86.Build.0 = Release|Any CPU
		{52AE749B-777A-4D5D-878D-4DD8C427D567}.AppStore|x86.Deploy.0 = Release|Any CPU
		{52AE749B-777A-4D5D-878D-4DD8C427D567}.Debug|Any CPU.ActiveCfg = Debug|Any CPU
		{52AE749B-777A-4D5D-878D-4DD8C427D567}.Debug|Any CPU.Build.0 = Debug|Any CPU
		{52AE749B-777A-4D5D-878D-4DD8C427D567}.Debug|Any CPU.Deploy.0 = Debug|Any CPU
		{52AE749B-777A-4D5D-878D-4DD8C427D567}.Debug|ARM.ActiveCfg = Debug|Any CPU
		{52AE749B-777A-4D5D-878D-4DD8C427D567}.Debug|ARM.Build.0 = Debug|Any CPU
		{52AE749B-777A-4D5D-878D-4DD8C427D567}.Debug|ARM.Deploy.0 = Debug|Any CPU
		{52AE749B-777A-4D5D-878D-4DD8C427D567}.Debug|iPhone.ActiveCfg = Debug|Any CPU
		{52AE749B-777A-4D5D-878D-4DD8C427D567}.Debug|iPhone.Build.0 = Debug|Any CPU
		{52AE749B-777A-4D5D-878D-4DD8C427D567}.Debug|iPhone.Deploy.0 = Debug|Any CPU
		{52AE749B-777A-4D5D-878D-4DD8C427D567}.Debug|iPhoneSimulator.ActiveCfg = Debug|Any CPU
		{52AE749B-777A-4D5D-878D-4DD8C427D567}.Debug|iPhoneSimulator.Build.0 = Debug|Any CPU
		{52AE749B-777A-4D5D-878D-4DD8C427D567}.Debug|iPhoneSimulator.Deploy.0 = Debug|Any CPU
		{52AE749B-777A-4D5D-878D-4DD8C427D567}.Debug|x64.ActiveCfg = Debug|Any CPU
		{52AE749B-777A-4D5D-878D-4DD8C427D567}.Debug|x64.Build.0 = Debug|Any CPU
		{52AE749B-777A-4D5D-878D-4DD8C427D567}.Debug|x64.Deploy.0 = Debug|Any CPU
		{52AE749B-777A-4D5D-878D-4DD8C427D567}.Debug|x86.ActiveCfg = Debug|Any CPU
		{52AE749B-777A-4D5D-878D-4DD8C427D567}.Debug|x86.Build.0 = Debug|Any CPU
		{52AE749B-777A-4D5D-878D-4DD8C427D567}.Debug|x86.Deploy.0 = Debug|Any CPU
		{52AE749B-777A-4D5D-878D-4DD8C427D567}.Release|Any CPU.ActiveCfg = Release|Any CPU
		{52AE749B-777A-4D5D-878D-4DD8C427D567}.Release|Any CPU.Build.0 = Release|Any CPU
		{52AE749B-777A-4D5D-878D-4DD8C427D567}.Release|Any CPU.Deploy.0 = Release|Any CPU
		{52AE749B-777A-4D5D-878D-4DD8C427D567}.Release|ARM.ActiveCfg = Release|Any CPU
		{52AE749B-777A-4D5D-878D-4DD8C427D567}.Release|ARM.Build.0 = Release|Any CPU
		{52AE749B-777A-4D5D-878D-4DD8C427D567}.Release|ARM.Deploy.0 = Release|Any CPU
		{52AE749B-777A-4D5D-878D-4DD8C427D567}.Release|iPhone.ActiveCfg = Release|Any CPU
		{52AE749B-777A-4D5D-878D-4DD8C427D567}.Release|iPhone.Build.0 = Release|Any CPU
		{52AE749B-777A-4D5D-878D-4DD8C427D567}.Release|iPhone.Deploy.0 = Release|Any CPU
		{52AE749B-777A-4D5D-878D-4DD8C427D567}.Release|iPhoneSimulator.ActiveCfg = Release|Any CPU
		{52AE749B-777A-4D5D-878D-4DD8C427D567}.Release|iPhoneSimulator.Build.0 = Release|Any CPU
		{52AE749B-777A-4D5D-878D-4DD8C427D567}.Release|iPhoneSimulator.Deploy.0 = Release|Any CPU
		{52AE749B-777A-4D5D-878D-4DD8C427D567}.Release|x64.ActiveCfg = Release|Any CPU
		{52AE749B-777A-4D5D-878D-4DD8C427D567}.Release|x64.Build.0 = Release|Any CPU
		{52AE749B-777A-4D5D-878D-4DD8C427D567}.Release|x64.Deploy.0 = Release|Any CPU
		{52AE749B-777A-4D5D-878D-4DD8C427D567}.Release|x86.ActiveCfg = Release|Any CPU
		{52AE749B-777A-4D5D-878D-4DD8C427D567}.Release|x86.Build.0 = Release|Any CPU
		{52AE749B-777A-4D5D-878D-4DD8C427D567}.Release|x86.Deploy.0 = Release|Any CPU
		{2E157B55-AF94-4CB8-A9C5-534360C9D0DB}.Ad-Hoc|Any CPU.ActiveCfg = Ad-Hoc|iPhone
		{2E157B55-AF94-4CB8-A9C5-534360C9D0DB}.Ad-Hoc|ARM.ActiveCfg = Ad-Hoc|iPhone
		{2E157B55-AF94-4CB8-A9C5-534360C9D0DB}.Ad-Hoc|iPhone.ActiveCfg = Ad-Hoc|iPhone
		{2E157B55-AF94-4CB8-A9C5-534360C9D0DB}.Ad-Hoc|iPhone.Build.0 = Ad-Hoc|iPhone
		{2E157B55-AF94-4CB8-A9C5-534360C9D0DB}.Ad-Hoc|iPhoneSimulator.ActiveCfg = Ad-Hoc|iPhoneSimulator
		{2E157B55-AF94-4CB8-A9C5-534360C9D0DB}.Ad-Hoc|iPhoneSimulator.Build.0 = Ad-Hoc|iPhoneSimulator
		{2E157B55-AF94-4CB8-A9C5-534360C9D0DB}.Ad-Hoc|x64.ActiveCfg = Ad-Hoc|iPhone
		{2E157B55-AF94-4CB8-A9C5-534360C9D0DB}.Ad-Hoc|x86.ActiveCfg = Ad-Hoc|iPhone
		{2E157B55-AF94-4CB8-A9C5-534360C9D0DB}.AppStore|Any CPU.ActiveCfg = AppStore|iPhone
		{2E157B55-AF94-4CB8-A9C5-534360C9D0DB}.AppStore|ARM.ActiveCfg = AppStore|iPhone
		{2E157B55-AF94-4CB8-A9C5-534360C9D0DB}.AppStore|iPhone.ActiveCfg = AppStore|iPhone
		{2E157B55-AF94-4CB8-A9C5-534360C9D0DB}.AppStore|iPhone.Build.0 = AppStore|iPhone
		{2E157B55-AF94-4CB8-A9C5-534360C9D0DB}.AppStore|iPhoneSimulator.ActiveCfg = AppStore|iPhoneSimulator
		{2E157B55-AF94-4CB8-A9C5-534360C9D0DB}.AppStore|iPhoneSimulator.Build.0 = AppStore|iPhoneSimulator
		{2E157B55-AF94-4CB8-A9C5-534360C9D0DB}.AppStore|x64.ActiveCfg = AppStore|iPhone
		{2E157B55-AF94-4CB8-A9C5-534360C9D0DB}.AppStore|x86.ActiveCfg = AppStore|iPhone
		{2E157B55-AF94-4CB8-A9C5-534360C9D0DB}.Debug|Any CPU.ActiveCfg = Debug|iPhone
		{2E157B55-AF94-4CB8-A9C5-534360C9D0DB}.Debug|ARM.ActiveCfg = Debug|iPhone
		{2E157B55-AF94-4CB8-A9C5-534360C9D0DB}.Debug|iPhone.ActiveCfg = Debug|iPhone
		{2E157B55-AF94-4CB8-A9C5-534360C9D0DB}.Debug|iPhone.Build.0 = Debug|iPhone
		{2E157B55-AF94-4CB8-A9C5-534360C9D0DB}.Debug|iPhoneSimulator.ActiveCfg = Debug|iPhoneSimulator
		{2E157B55-AF94-4CB8-A9C5-534360C9D0DB}.Debug|iPhoneSimulator.Build.0 = Debug|iPhoneSimulator
		{2E157B55-AF94-4CB8-A9C5-534360C9D0DB}.Debug|x64.ActiveCfg = Debug|iPhone
		{2E157B55-AF94-4CB8-A9C5-534360C9D0DB}.Debug|x86.ActiveCfg = Debug|iPhone
		{2E157B55-AF94-4CB8-A9C5-534360C9D0DB}.Release|Any CPU.ActiveCfg = Release|iPhone
		{2E157B55-AF94-4CB8-A9C5-534360C9D0DB}.Release|ARM.ActiveCfg = Release|iPhone
		{2E157B55-AF94-4CB8-A9C5-534360C9D0DB}.Release|iPhone.ActiveCfg = Release|iPhone
		{2E157B55-AF94-4CB8-A9C5-534360C9D0DB}.Release|iPhone.Build.0 = Release|iPhone
		{2E157B55-AF94-4CB8-A9C5-534360C9D0DB}.Release|iPhoneSimulator.ActiveCfg = Release|iPhoneSimulator
		{2E157B55-AF94-4CB8-A9C5-534360C9D0DB}.Release|iPhoneSimulator.Build.0 = Release|iPhoneSimulator
		{2E157B55-AF94-4CB8-A9C5-534360C9D0DB}.Release|x64.ActiveCfg = Release|iPhone
		{2E157B55-AF94-4CB8-A9C5-534360C9D0DB}.Release|x86.ActiveCfg = Release|iPhone
		{9F9FEA34-FBBD-43BC-9122-3A9420446E70}.Ad-Hoc|Any CPU.ActiveCfg = Release|Any CPU
		{9F9FEA34-FBBD-43BC-9122-3A9420446E70}.Ad-Hoc|Any CPU.Build.0 = Release|Any CPU
		{9F9FEA34-FBBD-43BC-9122-3A9420446E70}.Ad-Hoc|Any CPU.Deploy.0 = Release|Any CPU
		{9F9FEA34-FBBD-43BC-9122-3A9420446E70}.Ad-Hoc|ARM.ActiveCfg = Release|ARM
		{9F9FEA34-FBBD-43BC-9122-3A9420446E70}.Ad-Hoc|ARM.Build.0 = Release|ARM
		{9F9FEA34-FBBD-43BC-9122-3A9420446E70}.Ad-Hoc|ARM.Deploy.0 = Release|ARM
		{9F9FEA34-FBBD-43BC-9122-3A9420446E70}.Ad-Hoc|iPhone.ActiveCfg = Release|Any CPU
		{9F9FEA34-FBBD-43BC-9122-3A9420446E70}.Ad-Hoc|iPhone.Build.0 = Release|Any CPU
		{9F9FEA34-FBBD-43BC-9122-3A9420446E70}.Ad-Hoc|iPhone.Deploy.0 = Release|Any CPU
		{9F9FEA34-FBBD-43BC-9122-3A9420446E70}.Ad-Hoc|iPhoneSimulator.ActiveCfg = Release|Any CPU
		{9F9FEA34-FBBD-43BC-9122-3A9420446E70}.Ad-Hoc|iPhoneSimulator.Build.0 = Release|Any CPU
		{9F9FEA34-FBBD-43BC-9122-3A9420446E70}.Ad-Hoc|iPhoneSimulator.Deploy.0 = Release|Any CPU
		{9F9FEA34-FBBD-43BC-9122-3A9420446E70}.Ad-Hoc|x64.ActiveCfg = Release|Any CPU
		{9F9FEA34-FBBD-43BC-9122-3A9420446E70}.Ad-Hoc|x64.Build.0 = Release|Any CPU
		{9F9FEA34-FBBD-43BC-9122-3A9420446E70}.Ad-Hoc|x64.Deploy.0 = Release|Any CPU
		{9F9FEA34-FBBD-43BC-9122-3A9420446E70}.Ad-Hoc|x86.ActiveCfg = Release|x86
		{9F9FEA34-FBBD-43BC-9122-3A9420446E70}.Ad-Hoc|x86.Build.0 = Release|x86
		{9F9FEA34-FBBD-43BC-9122-3A9420446E70}.Ad-Hoc|x86.Deploy.0 = Release|x86
		{9F9FEA34-FBBD-43BC-9122-3A9420446E70}.AppStore|Any CPU.ActiveCfg = Release|Any CPU
		{9F9FEA34-FBBD-43BC-9122-3A9420446E70}.AppStore|Any CPU.Build.0 = Release|Any CPU
		{9F9FEA34-FBBD-43BC-9122-3A9420446E70}.AppStore|Any CPU.Deploy.0 = Release|Any CPU
		{9F9FEA34-FBBD-43BC-9122-3A9420446E70}.AppStore|ARM.ActiveCfg = Release|ARM
		{9F9FEA34-FBBD-43BC-9122-3A9420446E70}.AppStore|ARM.Build.0 = Release|ARM
		{9F9FEA34-FBBD-43BC-9122-3A9420446E70}.AppStore|ARM.Deploy.0 = Release|ARM
		{9F9FEA34-FBBD-43BC-9122-3A9420446E70}.AppStore|iPhone.ActiveCfg = Release|Any CPU
		{9F9FEA34-FBBD-43BC-9122-3A9420446E70}.AppStore|iPhone.Build.0 = Release|Any CPU
		{9F9FEA34-FBBD-43BC-9122-3A9420446E70}.AppStore|iPhone.Deploy.0 = Release|Any CPU
		{9F9FEA34-FBBD-43BC-9122-3A9420446E70}.AppStore|iPhoneSimulator.ActiveCfg = Release|Any CPU
		{9F9FEA34-FBBD-43BC-9122-3A9420446E70}.AppStore|iPhoneSimulator.Build.0 = Release|Any CPU
		{9F9FEA34-FBBD-43BC-9122-3A9420446E70}.AppStore|iPhoneSimulator.Deploy.0 = Release|Any CPU
		{9F9FEA34-FBBD-43BC-9122-3A9420446E70}.AppStore|x64.ActiveCfg = Release|Any CPU
		{9F9FEA34-FBBD-43BC-9122-3A9420446E70}.AppStore|x64.Build.0 = Release|Any CPU
		{9F9FEA34-FBBD-43BC-9122-3A9420446E70}.AppStore|x64.Deploy.0 = Release|Any CPU
		{9F9FEA34-FBBD-43BC-9122-3A9420446E70}.AppStore|x86.ActiveCfg = Release|x86
		{9F9FEA34-FBBD-43BC-9122-3A9420446E70}.AppStore|x86.Build.0 = Release|x86
		{9F9FEA34-FBBD-43BC-9122-3A9420446E70}.AppStore|x86.Deploy.0 = Release|x86
		{9F9FEA34-FBBD-43BC-9122-3A9420446E70}.Debug|Any CPU.ActiveCfg = Debug|Any CPU
		{9F9FEA34-FBBD-43BC-9122-3A9420446E70}.Debug|Any CPU.Build.0 = Debug|Any CPU
		{9F9FEA34-FBBD-43BC-9122-3A9420446E70}.Debug|Any CPU.Deploy.0 = Debug|Any CPU
		{9F9FEA34-FBBD-43BC-9122-3A9420446E70}.Debug|ARM.ActiveCfg = Debug|ARM
		{9F9FEA34-FBBD-43BC-9122-3A9420446E70}.Debug|ARM.Build.0 = Debug|ARM
		{9F9FEA34-FBBD-43BC-9122-3A9420446E70}.Debug|ARM.Deploy.0 = Debug|ARM
		{9F9FEA34-FBBD-43BC-9122-3A9420446E70}.Debug|iPhone.ActiveCfg = Debug|Any CPU
		{9F9FEA34-FBBD-43BC-9122-3A9420446E70}.Debug|iPhone.Build.0 = Debug|Any CPU
		{9F9FEA34-FBBD-43BC-9122-3A9420446E70}.Debug|iPhone.Deploy.0 = Debug|Any CPU
		{9F9FEA34-FBBD-43BC-9122-3A9420446E70}.Debug|iPhoneSimulator.ActiveCfg = Debug|Any CPU
		{9F9FEA34-FBBD-43BC-9122-3A9420446E70}.Debug|iPhoneSimulator.Build.0 = Debug|Any CPU
		{9F9FEA34-FBBD-43BC-9122-3A9420446E70}.Debug|iPhoneSimulator.Deploy.0 = Debug|Any CPU
		{9F9FEA34-FBBD-43BC-9122-3A9420446E70}.Debug|x64.ActiveCfg = Debug|Any CPU
		{9F9FEA34-FBBD-43BC-9122-3A9420446E70}.Debug|x64.Build.0 = Debug|Any CPU
		{9F9FEA34-FBBD-43BC-9122-3A9420446E70}.Debug|x64.Deploy.0 = Debug|Any CPU
		{9F9FEA34-FBBD-43BC-9122-3A9420446E70}.Debug|x86.ActiveCfg = Debug|x86
		{9F9FEA34-FBBD-43BC-9122-3A9420446E70}.Debug|x86.Build.0 = Debug|x86
		{9F9FEA34-FBBD-43BC-9122-3A9420446E70}.Debug|x86.Deploy.0 = Debug|x86
		{9F9FEA34-FBBD-43BC-9122-3A9420446E70}.Release|Any CPU.ActiveCfg = Release|Any CPU
		{9F9FEA34-FBBD-43BC-9122-3A9420446E70}.Release|Any CPU.Build.0 = Release|Any CPU
		{9F9FEA34-FBBD-43BC-9122-3A9420446E70}.Release|Any CPU.Deploy.0 = Release|Any CPU
		{9F9FEA34-FBBD-43BC-9122-3A9420446E70}.Release|ARM.ActiveCfg = Release|ARM
		{9F9FEA34-FBBD-43BC-9122-3A9420446E70}.Release|ARM.Build.0 = Release|ARM
		{9F9FEA34-FBBD-43BC-9122-3A9420446E70}.Release|ARM.Deploy.0 = Release|ARM
		{9F9FEA34-FBBD-43BC-9122-3A9420446E70}.Release|iPhone.ActiveCfg = Release|Any CPU
		{9F9FEA34-FBBD-43BC-9122-3A9420446E70}.Release|iPhone.Build.0 = Release|Any CPU
		{9F9FEA34-FBBD-43BC-9122-3A9420446E70}.Release|iPhone.Deploy.0 = Release|Any CPU
		{9F9FEA34-FBBD-43BC-9122-3A9420446E70}.Release|iPhoneSimulator.ActiveCfg = Release|Any CPU
		{9F9FEA34-FBBD-43BC-9122-3A9420446E70}.Release|iPhoneSimulator.Build.0 = Release|Any CPU
		{9F9FEA34-FBBD-43BC-9122-3A9420446E70}.Release|iPhoneSimulator.Deploy.0 = Release|Any CPU
		{9F9FEA34-FBBD-43BC-9122-3A9420446E70}.Release|x64.ActiveCfg = Release|Any CPU
		{9F9FEA34-FBBD-43BC-9122-3A9420446E70}.Release|x64.Build.0 = Release|Any CPU
		{9F9FEA34-FBBD-43BC-9122-3A9420446E70}.Release|x64.Deploy.0 = Release|Any CPU
		{9F9FEA34-FBBD-43BC-9122-3A9420446E70}.Release|x86.ActiveCfg = Release|x86
		{9F9FEA34-FBBD-43BC-9122-3A9420446E70}.Release|x86.Build.0 = Release|x86
		{9F9FEA34-FBBD-43BC-9122-3A9420446E70}.Release|x86.Deploy.0 = Release|x86
		{345FBF04-361D-4B29-94E5-11791DB729FC}.Ad-Hoc|Any CPU.ActiveCfg = Release|x86
		{345FBF04-361D-4B29-94E5-11791DB729FC}.Ad-Hoc|Any CPU.Build.0 = Release|x86
		{345FBF04-361D-4B29-94E5-11791DB729FC}.Ad-Hoc|Any CPU.Deploy.0 = Release|x86
		{345FBF04-361D-4B29-94E5-11791DB729FC}.Ad-Hoc|ARM.ActiveCfg = Release|ARM
		{345FBF04-361D-4B29-94E5-11791DB729FC}.Ad-Hoc|ARM.Build.0 = Release|ARM
		{345FBF04-361D-4B29-94E5-11791DB729FC}.Ad-Hoc|ARM.Deploy.0 = Release|ARM
		{345FBF04-361D-4B29-94E5-11791DB729FC}.Ad-Hoc|iPhone.ActiveCfg = Release|x86
		{345FBF04-361D-4B29-94E5-11791DB729FC}.Ad-Hoc|iPhone.Build.0 = Release|x86
		{345FBF04-361D-4B29-94E5-11791DB729FC}.Ad-Hoc|iPhone.Deploy.0 = Release|x86
		{345FBF04-361D-4B29-94E5-11791DB729FC}.Ad-Hoc|iPhoneSimulator.ActiveCfg = Release|x86
		{345FBF04-361D-4B29-94E5-11791DB729FC}.Ad-Hoc|iPhoneSimulator.Build.0 = Release|x86
		{345FBF04-361D-4B29-94E5-11791DB729FC}.Ad-Hoc|iPhoneSimulator.Deploy.0 = Release|x86
		{345FBF04-361D-4B29-94E5-11791DB729FC}.Ad-Hoc|x64.ActiveCfg = Release|x64
		{345FBF04-361D-4B29-94E5-11791DB729FC}.Ad-Hoc|x64.Build.0 = Release|x64
		{345FBF04-361D-4B29-94E5-11791DB729FC}.Ad-Hoc|x64.Deploy.0 = Release|x64
		{345FBF04-361D-4B29-94E5-11791DB729FC}.Ad-Hoc|x86.ActiveCfg = Release|x86
		{345FBF04-361D-4B29-94E5-11791DB729FC}.Ad-Hoc|x86.Build.0 = Release|x86
		{345FBF04-361D-4B29-94E5-11791DB729FC}.Ad-Hoc|x86.Deploy.0 = Release|x86
		{345FBF04-361D-4B29-94E5-11791DB729FC}.AppStore|Any CPU.ActiveCfg = Release|x86
		{345FBF04-361D-4B29-94E5-11791DB729FC}.AppStore|Any CPU.Build.0 = Release|x86
		{345FBF04-361D-4B29-94E5-11791DB729FC}.AppStore|Any CPU.Deploy.0 = Release|x86
		{345FBF04-361D-4B29-94E5-11791DB729FC}.AppStore|ARM.ActiveCfg = Release|ARM
		{345FBF04-361D-4B29-94E5-11791DB729FC}.AppStore|ARM.Build.0 = Release|ARM
		{345FBF04-361D-4B29-94E5-11791DB729FC}.AppStore|ARM.Deploy.0 = Release|ARM
		{345FBF04-361D-4B29-94E5-11791DB729FC}.AppStore|iPhone.ActiveCfg = Release|x86
		{345FBF04-361D-4B29-94E5-11791DB729FC}.AppStore|iPhone.Build.0 = Release|x86
		{345FBF04-361D-4B29-94E5-11791DB729FC}.AppStore|iPhone.Deploy.0 = Release|x86
		{345FBF04-361D-4B29-94E5-11791DB729FC}.AppStore|iPhoneSimulator.ActiveCfg = Release|x86
		{345FBF04-361D-4B29-94E5-11791DB729FC}.AppStore|iPhoneSimulator.Build.0 = Release|x86
		{345FBF04-361D-4B29-94E5-11791DB729FC}.AppStore|iPhoneSimulator.Deploy.0 = Release|x86
		{345FBF04-361D-4B29-94E5-11791DB729FC}.AppStore|x64.ActiveCfg = Release|x64
		{345FBF04-361D-4B29-94E5-11791DB729FC}.AppStore|x64.Build.0 = Release|x64
		{345FBF04-361D-4B29-94E5-11791DB729FC}.AppStore|x64.Deploy.0 = Release|x64
		{345FBF04-361D-4B29-94E5-11791DB729FC}.AppStore|x86.ActiveCfg = Release|x86
		{345FBF04-361D-4B29-94E5-11791DB729FC}.AppStore|x86.Build.0 = Release|x86
		{345FBF04-361D-4B29-94E5-11791DB729FC}.AppStore|x86.Deploy.0 = Release|x86
		{345FBF04-361D-4B29-94E5-11791DB729FC}.Debug|Any CPU.ActiveCfg = Debug|x86
		{345FBF04-361D-4B29-94E5-11791DB729FC}.Debug|ARM.ActiveCfg = Debug|ARM
		{345FBF04-361D-4B29-94E5-11791DB729FC}.Debug|ARM.Build.0 = Debug|ARM
		{345FBF04-361D-4B29-94E5-11791DB729FC}.Debug|ARM.Deploy.0 = Debug|ARM
		{345FBF04-361D-4B29-94E5-11791DB729FC}.Debug|iPhone.ActiveCfg = Debug|x86
		{345FBF04-361D-4B29-94E5-11791DB729FC}.Debug|iPhoneSimulator.ActiveCfg = Debug|x86
		{345FBF04-361D-4B29-94E5-11791DB729FC}.Debug|x64.ActiveCfg = Debug|x64
		{345FBF04-361D-4B29-94E5-11791DB729FC}.Debug|x64.Build.0 = Debug|x64
		{345FBF04-361D-4B29-94E5-11791DB729FC}.Debug|x64.Deploy.0 = Debug|x64
		{345FBF04-361D-4B29-94E5-11791DB729FC}.Debug|x86.ActiveCfg = Debug|x86
		{345FBF04-361D-4B29-94E5-11791DB729FC}.Debug|x86.Build.0 = Debug|x86
		{345FBF04-361D-4B29-94E5-11791DB729FC}.Debug|x86.Deploy.0 = Debug|x86
		{345FBF04-361D-4B29-94E5-11791DB729FC}.Release|Any CPU.ActiveCfg = Release|x86
		{345FBF04-361D-4B29-94E5-11791DB729FC}.Release|ARM.ActiveCfg = Release|ARM
		{345FBF04-361D-4B29-94E5-11791DB729FC}.Release|ARM.Build.0 = Release|ARM
		{345FBF04-361D-4B29-94E5-11791DB729FC}.Release|ARM.Deploy.0 = Release|ARM
		{345FBF04-361D-4B29-94E5-11791DB729FC}.Release|iPhone.ActiveCfg = Release|x86
		{345FBF04-361D-4B29-94E5-11791DB729FC}.Release|iPhoneSimulator.ActiveCfg = Release|x86
		{345FBF04-361D-4B29-94E5-11791DB729FC}.Release|x64.ActiveCfg = Release|x64
		{345FBF04-361D-4B29-94E5-11791DB729FC}.Release|x64.Build.0 = Release|x64
		{345FBF04-361D-4B29-94E5-11791DB729FC}.Release|x64.Deploy.0 = Release|x64
		{345FBF04-361D-4B29-94E5-11791DB729FC}.Release|x86.ActiveCfg = Release|x86
		{345FBF04-361D-4B29-94E5-11791DB729FC}.Release|x86.Build.0 = Release|x86
		{345FBF04-361D-4B29-94E5-11791DB729FC}.Release|x86.Deploy.0 = Release|x86
		{45F7C27C-A601-455B-ACCD-6B6CE85B762F}.Ad-Hoc|Any CPU.ActiveCfg = Release|Any CPU
		{45F7C27C-A601-455B-ACCD-6B6CE85B762F}.Ad-Hoc|Any CPU.Build.0 = Release|Any CPU
		{45F7C27C-A601-455B-ACCD-6B6CE85B762F}.Ad-Hoc|Any CPU.Deploy.0 = Release|Any CPU
		{45F7C27C-A601-455B-ACCD-6B6CE85B762F}.Ad-Hoc|ARM.ActiveCfg = Release|ARM
		{45F7C27C-A601-455B-ACCD-6B6CE85B762F}.Ad-Hoc|ARM.Build.0 = Release|ARM
		{45F7C27C-A601-455B-ACCD-6B6CE85B762F}.Ad-Hoc|ARM.Deploy.0 = Release|ARM
		{45F7C27C-A601-455B-ACCD-6B6CE85B762F}.Ad-Hoc|iPhone.ActiveCfg = Release|Any CPU
		{45F7C27C-A601-455B-ACCD-6B6CE85B762F}.Ad-Hoc|iPhone.Build.0 = Release|Any CPU
		{45F7C27C-A601-455B-ACCD-6B6CE85B762F}.Ad-Hoc|iPhone.Deploy.0 = Release|Any CPU
		{45F7C27C-A601-455B-ACCD-6B6CE85B762F}.Ad-Hoc|iPhoneSimulator.ActiveCfg = Release|Any CPU
		{45F7C27C-A601-455B-ACCD-6B6CE85B762F}.Ad-Hoc|iPhoneSimulator.Build.0 = Release|Any CPU
		{45F7C27C-A601-455B-ACCD-6B6CE85B762F}.Ad-Hoc|iPhoneSimulator.Deploy.0 = Release|Any CPU
		{45F7C27C-A601-455B-ACCD-6B6CE85B762F}.Ad-Hoc|x64.ActiveCfg = Release|x64
		{45F7C27C-A601-455B-ACCD-6B6CE85B762F}.Ad-Hoc|x64.Build.0 = Release|x64
		{45F7C27C-A601-455B-ACCD-6B6CE85B762F}.Ad-Hoc|x64.Deploy.0 = Release|x64
		{45F7C27C-A601-455B-ACCD-6B6CE85B762F}.Ad-Hoc|x86.ActiveCfg = Release|x86
		{45F7C27C-A601-455B-ACCD-6B6CE85B762F}.Ad-Hoc|x86.Build.0 = Release|x86
		{45F7C27C-A601-455B-ACCD-6B6CE85B762F}.Ad-Hoc|x86.Deploy.0 = Release|x86
		{45F7C27C-A601-455B-ACCD-6B6CE85B762F}.AppStore|Any CPU.ActiveCfg = Release|Any CPU
		{45F7C27C-A601-455B-ACCD-6B6CE85B762F}.AppStore|Any CPU.Build.0 = Release|Any CPU
		{45F7C27C-A601-455B-ACCD-6B6CE85B762F}.AppStore|Any CPU.Deploy.0 = Release|Any CPU
		{45F7C27C-A601-455B-ACCD-6B6CE85B762F}.AppStore|ARM.ActiveCfg = Release|ARM
		{45F7C27C-A601-455B-ACCD-6B6CE85B762F}.AppStore|ARM.Build.0 = Release|ARM
		{45F7C27C-A601-455B-ACCD-6B6CE85B762F}.AppStore|ARM.Deploy.0 = Release|ARM
		{45F7C27C-A601-455B-ACCD-6B6CE85B762F}.AppStore|iPhone.ActiveCfg = Release|Any CPU
		{45F7C27C-A601-455B-ACCD-6B6CE85B762F}.AppStore|iPhone.Build.0 = Release|Any CPU
		{45F7C27C-A601-455B-ACCD-6B6CE85B762F}.AppStore|iPhone.Deploy.0 = Release|Any CPU
		{45F7C27C-A601-455B-ACCD-6B6CE85B762F}.AppStore|iPhoneSimulator.ActiveCfg = Release|Any CPU
		{45F7C27C-A601-455B-ACCD-6B6CE85B762F}.AppStore|iPhoneSimulator.Build.0 = Release|Any CPU
		{45F7C27C-A601-455B-ACCD-6B6CE85B762F}.AppStore|iPhoneSimulator.Deploy.0 = Release|Any CPU
		{45F7C27C-A601-455B-ACCD-6B6CE85B762F}.AppStore|x64.ActiveCfg = Release|x64
		{45F7C27C-A601-455B-ACCD-6B6CE85B762F}.AppStore|x64.Build.0 = Release|x64
		{45F7C27C-A601-455B-ACCD-6B6CE85B762F}.AppStore|x64.Deploy.0 = Release|x64
		{45F7C27C-A601-455B-ACCD-6B6CE85B762F}.AppStore|x86.ActiveCfg = Release|x86
		{45F7C27C-A601-455B-ACCD-6B6CE85B762F}.AppStore|x86.Build.0 = Release|x86
		{45F7C27C-A601-455B-ACCD-6B6CE85B762F}.AppStore|x86.Deploy.0 = Release|x86
		{45F7C27C-A601-455B-ACCD-6B6CE85B762F}.Debug|Any CPU.ActiveCfg = Debug|Any CPU
		{45F7C27C-A601-455B-ACCD-6B6CE85B762F}.Debug|Any CPU.Build.0 = Debug|Any CPU
		{45F7C27C-A601-455B-ACCD-6B6CE85B762F}.Debug|Any CPU.Deploy.0 = Debug|Any CPU
		{45F7C27C-A601-455B-ACCD-6B6CE85B762F}.Debug|ARM.ActiveCfg = Debug|ARM
		{45F7C27C-A601-455B-ACCD-6B6CE85B762F}.Debug|ARM.Build.0 = Debug|ARM
		{45F7C27C-A601-455B-ACCD-6B6CE85B762F}.Debug|ARM.Deploy.0 = Debug|ARM
		{45F7C27C-A601-455B-ACCD-6B6CE85B762F}.Debug|iPhone.ActiveCfg = Debug|Any CPU
		{45F7C27C-A601-455B-ACCD-6B6CE85B762F}.Debug|iPhone.Build.0 = Debug|Any CPU
		{45F7C27C-A601-455B-ACCD-6B6CE85B762F}.Debug|iPhone.Deploy.0 = Debug|Any CPU
		{45F7C27C-A601-455B-ACCD-6B6CE85B762F}.Debug|iPhoneSimulator.ActiveCfg = Debug|Any CPU
		{45F7C27C-A601-455B-ACCD-6B6CE85B762F}.Debug|iPhoneSimulator.Build.0 = Debug|Any CPU
		{45F7C27C-A601-455B-ACCD-6B6CE85B762F}.Debug|iPhoneSimulator.Deploy.0 = Debug|Any CPU
		{45F7C27C-A601-455B-ACCD-6B6CE85B762F}.Debug|x64.ActiveCfg = Debug|x64
		{45F7C27C-A601-455B-ACCD-6B6CE85B762F}.Debug|x64.Build.0 = Debug|x64
		{45F7C27C-A601-455B-ACCD-6B6CE85B762F}.Debug|x64.Deploy.0 = Debug|x64
		{45F7C27C-A601-455B-ACCD-6B6CE85B762F}.Debug|x86.ActiveCfg = Debug|x86
		{45F7C27C-A601-455B-ACCD-6B6CE85B762F}.Debug|x86.Build.0 = Debug|x86
		{45F7C27C-A601-455B-ACCD-6B6CE85B762F}.Debug|x86.Deploy.0 = Debug|x86
		{45F7C27C-A601-455B-ACCD-6B6CE85B762F}.Release|Any CPU.ActiveCfg = Release|Any CPU
		{45F7C27C-A601-455B-ACCD-6B6CE85B762F}.Release|Any CPU.Build.0 = Release|Any CPU
		{45F7C27C-A601-455B-ACCD-6B6CE85B762F}.Release|Any CPU.Deploy.0 = Release|Any CPU
		{45F7C27C-A601-455B-ACCD-6B6CE85B762F}.Release|ARM.ActiveCfg = Release|ARM
		{45F7C27C-A601-455B-ACCD-6B6CE85B762F}.Release|ARM.Build.0 = Release|ARM
		{45F7C27C-A601-455B-ACCD-6B6CE85B762F}.Release|ARM.Deploy.0 = Release|ARM
		{45F7C27C-A601-455B-ACCD-6B6CE85B762F}.Release|iPhone.ActiveCfg = Release|Any CPU
		{45F7C27C-A601-455B-ACCD-6B6CE85B762F}.Release|iPhone.Build.0 = Release|Any CPU
		{45F7C27C-A601-455B-ACCD-6B6CE85B762F}.Release|iPhone.Deploy.0 = Release|Any CPU
		{45F7C27C-A601-455B-ACCD-6B6CE85B762F}.Release|iPhoneSimulator.ActiveCfg = Release|Any CPU
		{45F7C27C-A601-455B-ACCD-6B6CE85B762F}.Release|iPhoneSimulator.Build.0 = Release|Any CPU
		{45F7C27C-A601-455B-ACCD-6B6CE85B762F}.Release|iPhoneSimulator.Deploy.0 = Release|Any CPU
		{45F7C27C-A601-455B-ACCD-6B6CE85B762F}.Release|x64.ActiveCfg = Release|x64
		{45F7C27C-A601-455B-ACCD-6B6CE85B762F}.Release|x64.Build.0 = Release|x64
		{45F7C27C-A601-455B-ACCD-6B6CE85B762F}.Release|x64.Deploy.0 = Release|x64
		{45F7C27C-A601-455B-ACCD-6B6CE85B762F}.Release|x86.ActiveCfg = Release|x86
		{45F7C27C-A601-455B-ACCD-6B6CE85B762F}.Release|x86.Build.0 = Release|x86
		{45F7C27C-A601-455B-ACCD-6B6CE85B762F}.Release|x86.Deploy.0 = Release|x86
	EndGlobalSection
	GlobalSection(SolutionProperties) = preSolution
		HideSolutionNode = FALSE
	EndGlobalSection
EndGlobal
